
Microsoft Visual Studio Solution File, Format Version 12.00
Project("{FAE04EC0-301F-11D3-BF4B-00C04F79EFBC}") = "Voice_Server", "Voice_Server\Voice_Server.csproj", "{BA7DE251-C70C-486F-909D-C24FE8596490}"
EndProject
Project("{2150E333-8FDC-42A3-9474-1A3956D46DE8}") = "Service", "Service", "{139962D5-6085-47EC-BE5B-0631210844E9}"
EndProject
Project("{2150E333-8FDC-42A3-9474-1A3956D46DE8}") = "Workers", "Workers", "{06C3F54C-F40E-49D4-B56F-DDB1F18C268D}"
EndProject
Project("{2150E333-8FDC-42A3-9474-1A3956D46DE8}") = "Blocks", "Blocks", "{CCFCE1BE-0957-4985-B3E7-050AF6537C36}"
EndProject
Project("{FAE04EC0-301F-11D3-BF4B-00C04F79EFBC}") = "EventBus", "EventBus\EventBus.csproj", "{49777D17-9179-43BA-8828-FCE86E6C74E0}"
EndProject
Project("{FAE04EC0-301F-11D3-BF4B-00C04F79EFBC}") = "EventBus.RabbitMq", "EventBus.RabbitMq\EventBus.RabbitMq.csproj", "{DCCE98B8-E54F-4D52-ACDB-249BE9B20C10}"
EndProject
Project("{2150E333-8FDC-42A3-9474-1A3956D46DE8}") = "Libraries", "Libraries", "{7B19AFB4-E1FE-4E3B-90A8-001FB195E9AF}"
EndProject
Project("{FAE04EC0-301F-11D3-BF4B-00C04F79EFBC}") = "Abstraction", "Abstraction\Abstraction.csproj", "{7AD2A294-D972-4307-A178-D5EBCF913646}"
EndProject
Project("{FAE04EC0-301F-11D3-BF4B-00C04F79EFBC}") = "Shared", "Shared\Shared.csproj", "{D9BD3510-E1D9-42FD-B5E1-C38DDE8102D1}"
EndProject
Project("{2150E333-8FDC-42A3-9474-1A3956D46DE8}") = "Integration", "Integration", "{6B1E7228-0BEE-47BE-93FE-483BBCB4FC7F}"
EndProject
Project("{FAE04EC0-301F-11D3-BF4B-00C04F79EFBC}") = "IntegrationEvents", "IntegrationEvents\IntegrationEvents.csproj", "{1DFDA86D-B747-4326-98B7-C8A8E9B4B1DA}"
EndProject
Project("{FAE04EC0-301F-11D3-BF4B-00C04F79EFBC}") = "Infrastructure", "Infrastructure\Infrastructure.csproj", "{1A791AA0-5185-4928-9616-B8A8528AA0A1}"
EndProject
Project("{FAE04EC0-301F-11D3-BF4B-00C04F79EFBC}") = "Domain", "Domain\Domain.csproj", "{21731CFC-4B7A-487D-9955-BD60B9FC706A}"
EndProject
Project("{FAE04EC0-301F-11D3-BF4B-00C04F79EFBC}") = "Application", "Application\Application.csproj", "{7E9435AB-7790-425D-8232-12C4C32F9E5F}"
EndProject
Project("{2150E333-8FDC-42A3-9474-1A3956D46DE8}") = "Package", "Package", "{C0F064A5-1FB2-4BB4-A994-8E875E967247}"
EndProject
Project("{FAE04EC0-301F-11D3-BF4B-00C04F79EFBC}") = "Cache", "Cache\Cache.csproj", "{068CA648-B859-4FDC-B6F5-BF95EA82B3A8}"
EndProject
Project("{FAE04EC0-301F-11D3-BF4B-00C04F79EFBC}") = "Core", "Core\Core.csproj", "{52B60D6F-1044-431E-982F-085D1C5B63C2}"
EndProject
Project("{FAE04EC0-301F-11D3-BF4B-00C04F79EFBC}") = "Storage", "Storage\Storage.csproj", "{C62B7C4D-0CBF-4097-BFD1-F82AD801757F}"
EndProject
Global
	GlobalSection(SolutionConfigurationPlatforms) = preSolution
		Debug|Any CPU = Debug|Any CPU
		Release|Any CPU = Release|Any CPU
	EndGlobalSection
	GlobalSection(ProjectConfigurationPlatforms) = postSolution
		{BA7DE251-C70C-486F-909D-C24FE8596490}.Debug|Any CPU.ActiveCfg = Debug|Any CPU
		{BA7DE251-C70C-486F-909D-C24FE8596490}.Debug|Any CPU.Build.0 = Debug|Any CPU
		{BA7DE251-C70C-486F-909D-C24FE8596490}.Release|Any CPU.ActiveCfg = Release|Any CPU
		{BA7DE251-C70C-486F-909D-C24FE8596490}.Release|Any CPU.Build.0 = Release|Any CPU
		{49777D17-9179-43BA-8828-FCE86E6C74E0}.Debug|Any CPU.ActiveCfg = Debug|Any CPU
		{49777D17-9179-43BA-8828-FCE86E6C74E0}.Debug|Any CPU.Build.0 = Debug|Any CPU
		{49777D17-9179-43BA-8828-FCE86E6C74E0}.Release|Any CPU.ActiveCfg = Release|Any CPU
		{49777D17-9179-43BA-8828-FCE86E6C74E0}.Release|Any CPU.Build.0 = Release|Any CPU
		{DCCE98B8-E54F-4D52-ACDB-249BE9B20C10}.Debug|Any CPU.ActiveCfg = Debug|Any CPU
		{DCCE98B8-E54F-4D52-ACDB-249BE9B20C10}.Debug|Any CPU.Build.0 = Debug|Any CPU
		{DCCE98B8-E54F-4D52-ACDB-249BE9B20C10}.Release|Any CPU.ActiveCfg = Release|Any CPU
		{DCCE98B8-E54F-4D52-ACDB-249BE9B20C10}.Release|Any CPU.Build.0 = Release|Any CPU
		{7AD2A294-D972-4307-A178-D5EBCF913646}.Debug|Any CPU.ActiveCfg = Debug|Any CPU
		{7AD2A294-D972-4307-A178-D5EBCF913646}.Debug|Any CPU.Build.0 = Debug|Any CPU
		{7AD2A294-D972-4307-A178-D5EBCF913646}.Release|Any CPU.ActiveCfg = Release|Any CPU
		{7AD2A294-D972-4307-A178-D5EBCF913646}.Release|Any CPU.Build.0 = Release|Any CPU
		{D9BD3510-E1D9-42FD-B5E1-C38DDE8102D1}.Debug|Any CPU.ActiveCfg = Debug|Any CPU
		{D9BD3510-E1D9-42FD-B5E1-C38DDE8102D1}.Debug|Any CPU.Build.0 = Debug|Any CPU
		{D9BD3510-E1D9-42FD-B5E1-C38DDE8102D1}.Release|Any CPU.ActiveCfg = Release|Any CPU
		{D9BD3510-E1D9-42FD-B5E1-C38DDE8102D1}.Release|Any CPU.Build.0 = Release|Any CPU
		{1DFDA86D-B747-4326-98B7-C8A8E9B4B1DA}.Debug|Any CPU.ActiveCfg = Debug|Any CPU
		{1DFDA86D-B747-4326-98B7-C8A8E9B4B1DA}.Debug|Any CPU.Build.0 = Debug|Any CPU
		{1DFDA86D-B747-4326-98B7-C8A8E9B4B1DA}.Release|Any CPU.ActiveCfg = Release|Any CPU
		{1DFDA86D-B747-4326-98B7-C8A8E9B4B1DA}.Release|Any CPU.Build.0 = Release|Any CPU
		{1A791AA0-5185-4928-9616-B8A8528AA0A1}.Debug|Any CPU.ActiveCfg = Debug|Any CPU
		{1A791AA0-5185-4928-9616-B8A8528AA0A1}.Debug|Any CPU.Build.0 = Debug|Any CPU
		{1A791AA0-5185-4928-9616-B8A8528AA0A1}.Release|Any CPU.ActiveCfg = Release|Any CPU
		{1A791AA0-5185-4928-9616-B8A8528AA0A1}.Release|Any CPU.Build.0 = Release|Any CPU
		{21731CFC-4B7A-487D-9955-BD60B9FC706A}.Debug|Any CPU.ActiveCfg = Debug|Any CPU
		{21731CFC-4B7A-487D-9955-BD60B9FC706A}.Debug|Any CPU.Build.0 = Debug|Any CPU
		{21731CFC-4B7A-487D-9955-BD60B9FC706A}.Release|Any CPU.ActiveCfg = Release|Any CPU
		{21731CFC-4B7A-487D-9955-BD60B9FC706A}.Release|Any CPU.Build.0 = Release|Any CPU
		{7E9435AB-7790-425D-8232-12C4C32F9E5F}.Debug|Any CPU.ActiveCfg = Debug|Any CPU
		{7E9435AB-7790-425D-8232-12C4C32F9E5F}.Debug|Any CPU.Build.0 = Debug|Any CPU
		{7E9435AB-7790-425D-8232-12C4C32F9E5F}.Release|Any CPU.ActiveCfg = Release|Any CPU
		{7E9435AB-7790-425D-8232-12C4C32F9E5F}.Release|Any CPU.Build.0 = Release|Any CPU
		{068CA648-B859-4FDC-B6F5-BF95EA82B3A8}.Debug|Any CPU.ActiveCfg = Debug|Any CPU
		{068CA648-B859-4FDC-B6F5-BF95EA82B3A8}.Debug|Any CPU.Build.0 = Debug|Any CPU
		{068CA648-B859-4FDC-B6F5-BF95EA82B3A8}.Release|Any CPU.ActiveCfg = Release|Any CPU
		{068CA648-B859-4FDC-B6F5-BF95EA82B3A8}.Release|Any CPU.Build.0 = Release|Any CPU
		{52B60D6F-1044-431E-982F-085D1C5B63C2}.Debug|Any CPU.ActiveCfg = Debug|Any CPU
		{52B60D6F-1044-431E-982F-085D1C5B63C2}.Debug|Any CPU.Build.0 = Debug|Any CPU
		{52B60D6F-1044-431E-982F-085D1C5B63C2}.Release|Any CPU.ActiveCfg = Release|Any CPU
		{52B60D6F-1044-431E-982F-085D1C5B63C2}.Release|Any CPU.Build.0 = Release|Any CPU
		{C62B7C4D-0CBF-4097-BFD1-F82AD801757F}.Debug|Any CPU.ActiveCfg = Debug|Any CPU
		{C62B7C4D-0CBF-4097-BFD1-F82AD801757F}.Debug|Any CPU.Build.0 = Debug|Any CPU
		{C62B7C4D-0CBF-4097-BFD1-F82AD801757F}.Release|Any CPU.ActiveCfg = Release|Any CPU
		{C62B7C4D-0CBF-4097-BFD1-F82AD801757F}.Release|Any CPU.Build.0 = Release|Any CPU
	EndGlobalSection
	GlobalSection(NestedProjects) = preSolution
		{BA7DE251-C70C-486F-909D-C24FE8596490} = {139962D5-6085-47EC-BE5B-0631210844E9}
		{49777D17-9179-43BA-8828-FCE86E6C74E0} = {CCFCE1BE-0957-4985-B3E7-050AF6537C36}
		{DCCE98B8-E54F-4D52-ACDB-249BE9B20C10} = {CCFCE1BE-0957-4985-B3E7-050AF6537C36}
		{7AD2A294-D972-4307-A178-D5EBCF913646} = {7B19AFB4-E1FE-4E3B-90A8-001FB195E9AF}
		{D9BD3510-E1D9-42FD-B5E1-C38DDE8102D1} = {7B19AFB4-E1FE-4E3B-90A8-001FB195E9AF}
		{1DFDA86D-B747-4326-98B7-C8A8E9B4B1DA} = {6B1E7228-0BEE-47BE-93FE-483BBCB4FC7F}
		{1A791AA0-5185-4928-9616-B8A8528AA0A1} = {7B19AFB4-E1FE-4E3B-90A8-001FB195E9AF}
		{21731CFC-4B7A-487D-9955-BD60B9FC706A} = {7B19AFB4-E1FE-4E3B-90A8-001FB195E9AF}
		{7E9435AB-7790-425D-8232-12C4C32F9E5F} = {7B19AFB4-E1FE-4E3B-90A8-001FB195E9AF}
		{068CA648-B859-4FDC-B6F5-BF95EA82B3A8} = {C0F064A5-1FB2-4BB4-A994-8E875E967247}
		{52B60D6F-1044-431E-982F-085D1C5B63C2} = {C0F064A5-1FB2-4BB4-A994-8E875E967247}
		{C62B7C4D-0CBF-4097-BFD1-F82AD801757F} = {C0F064A5-1FB2-4BB4-A994-8E875E967247}
	EndGlobalSection
EndGlobal
